
Microsoft Visual Studio Solution File, Format Version 12.00
# Visual Studio Version 16
VisualStudioVersion = 16.0.32002.261
MinimumVisualStudioVersion = 10.0.40219.1
Project("{8BC9CEB8-8B4A-11D0-8D11-00A0C91BC942}") = "PJC_test1", "PJC_test1.vcxproj", "{1D57D4BF-3998-40E9-91E1-CA0A90F5B602}"
EndProject
Global
	GlobalSection(SolutionConfigurationPlatforms) = preSolution
		Debug|x64 = Debug|x64
		Debug|x86 = Debug|x86
		Release|x64 = Release|x64
		Release|x86 = Release|x86
	EndGlobalSection
	GlobalSection(ProjectConfigurationPlatforms) = postSolution
		{1D57D4BF-3998-40E9-91E1-CA0A90F5B602}.Debug|x64.ActiveCfg = Debug|x64
		{1D57D4BF-3998-40E9-91E1-CA0A90F5B602}.Debug|x64.Build.0 = Debug|x64
		{1D57D4BF-3998-40E9-91E1-CA0A90F5B602}.Debug|x86.ActiveCfg = Debug|Win32
		{1D57D4BF-3998-40E9-91E1-CA0A90F5B602}.Debug|x86.Build.0 = Debug|Win32
		{1D57D4BF-3998-40E9-91E1-CA0A90F5B602}.Release|x64.ActiveCfg = Release|x64
		{1D57D4BF-3998-40E9-91E1-CA0A90F5B602}.Release|x64.Build.0 = Release|x64
		{1D57D4BF-3998-40E9-91E1-CA0A90F5B602}.Release|x86.ActiveCfg = Release|Win32
		{1D57D4BF-3998-40E9-91E1-CA0A90F5B602}.Release|x86.Build.0 = Release|Win32
	EndGlobalSection
	GlobalSection(SolutionProperties) = preSolution
		HideSolutionNode = FALSE
	EndGlobalSection
	GlobalSection(ExtensibilityGlobals) = postSolution
		SolutionGuid = {B75EF775-48D2-4AD5-A68C-9C1E52EC0A03}
	EndGlobalSection
EndGlobal
